
Microsoft Visual Studio Solution File, Format Version 12.00
# Visual Studio Version 17
VisualStudioVersion = 17.1.32210.238
MinimumVisualStudioVersion = 10.0.40219.1
Project("{9A19103F-16F7-4668-BE54-9A1E7A4F7556}") = "PROJEKT", "PROJEKT\PROJEKT.csproj", "{584A743E-B24F-4CFC-ACF4-8C4C4B5CCBEC}"
EndProject
Global
	GlobalSection(SolutionConfigurationPlatforms) = preSolution
		Debug|Any CPU = Debug|Any CPU
		Release|Any CPU = Release|Any CPU
	EndGlobalSection
	GlobalSection(ProjectConfigurationPlatforms) = postSolution
		{584A743E-B24F-4CFC-ACF4-8C4C4B5CCBEC}.Debug|Any CPU.ActiveCfg = Debug|Any CPU
		{584A743E-B24F-4CFC-ACF4-8C4C4B5CCBEC}.Debug|Any CPU.Build.0 = Debug|Any CPU
		{584A743E-B24F-4CFC-ACF4-8C4C4B5CCBEC}.Release|Any CPU.ActiveCfg = Release|Any CPU
		{584A743E-B24F-4CFC-ACF4-8C4C4B5CCBEC}.Release|Any CPU.Build.0 = Release|Any CPU
	EndGlobalSection
	GlobalSection(SolutionProperties) = preSolution
		HideSolutionNode = FALSE
	EndGlobalSection
	GlobalSection(ExtensibilityGlobals) = postSolution
		SolutionGuid = {58C978D0-ED92-48EE-9A74-4690A717A740}
	EndGlobalSection
EndGlobal
